// !$*UTF8*$!
{
	archiveVersion = 1;
	classes = {
	};
	objectVersion = 50;
	objects = {

/* Begin PBXBuildFile section */
		830A30562354225300211E2C /* AppDelegate.swift in Sources */ = {isa = PBXBuildFile; fileRef = 830A30552354225300211E2C /* AppDelegate.swift */; };
		830A30582354225300211E2C /* SceneDelegate.swift in Sources */ = {isa = PBXBuildFile; fileRef = 830A30572354225300211E2C /* SceneDelegate.swift */; };
		830A305A2354225300211E2C /* ContentView.swift in Sources */ = {isa = PBXBuildFile; fileRef = 830A30592354225300211E2C /* ContentView.swift */; };
		830A305C2354225400211E2C /* Assets.xcassets in Resources */ = {isa = PBXBuildFile; fileRef = 830A305B2354225400211E2C /* Assets.xcassets */; };
		830A305F2354225400211E2C /* Preview Assets.xcassets in Resources */ = {isa = PBXBuildFile; fileRef = 830A305E2354225400211E2C /* Preview Assets.xcassets */; };
		830A30622354225400211E2C /* LaunchScreen.storyboard in Resources */ = {isa = PBXBuildFile; fileRef = 830A30602354225400211E2C /* LaunchScreen.storyboard */; };
		830A306D2354225400211E2C /* SwiftUITutorialsTests.swift in Sources */ = {isa = PBXBuildFile; fileRef = 830A306C2354225400211E2C /* SwiftUITutorialsTests.swift */; };
		830A30782354225400211E2C /* SwiftUITutorialsUITests.swift in Sources */ = {isa = PBXBuildFile; fileRef = 830A30772354225400211E2C /* SwiftUITutorialsUITests.swift */; };
/* End PBXBuildFile section */

/* Begin PBXContainerItemProxy section */
		830A30692354225400211E2C /* PBXContainerItemProxy */ = {
			isa = PBXContainerItemProxy;
			containerPortal = 830A304A2354225300211E2C /* Project object */;
			proxyType = 1;
			remoteGlobalIDString = 830A30512354225300211E2C;
			remoteInfo = SwiftUITutorials;
		};
		830A30742354225400211E2C /* PBXContainerItemProxy */ = {
			isa = PBXContainerItemProxy;
			containerPortal = 830A304A2354225300211E2C /* Project object */;
			proxyType = 1;
			remoteGlobalIDString = 830A30512354225300211E2C;
			remoteInfo = SwiftUITutorials;
		};
/* End PBXContainerItemProxy section */

/* Begin PBXFileReference section */
		830A30522354225300211E2C /* SwiftUITutorials.app */ = {isa = PBXFileReference; explicitFileType = wrapper.application; includeInIndex = 0; path = SwiftUITutorials.app; sourceTree = BUILT_PRODUCTS_DIR; };
		830A30552354225300211E2C /* AppDelegate.swift */ = {isa = PBXFileReference; lastKnownFileType = sourcecode.swift; path = AppDelegate.swift; sourceTree = "<group>"; };
		830A30572354225300211E2C /* SceneDelegate.swift */ = {isa = PBXFileReference; lastKnownFileType = sourcecode.swift; path = SceneDelegate.swift; sourceTree = "<group>"; };
		830A30592354225300211E2C /* ContentView.swift */ = {isa = PBXFileReference; lastKnownFileType = sourcecode.swift; path = ContentView.swift; sourceTree = "<group>"; };
		830A305B2354225400211E2C /* Assets.xcassets */ = {isa = PBXFileReference; lastKnownFileType = folder.assetcatalog; path = Assets.xcassets; sourceTree = "<group>"; };
		830A305E2354225400211E2C /* Preview Assets.xcassets */ = {isa = PBXFileReference; lastKnownFileType = folder.assetcatalog; path = "Preview Assets.xcassets"; sourceTree = "<group>"; };
		830A30612354225400211E2C /* Base */ = {isa = PBXFileReference; lastKnownFileType = file.storyboard; name = Base; path = Base.lproj/LaunchScreen.storyboard; sourceTree = "<group>"; };
		830A30632354225400211E2C /* Info.plist */ = {isa = PBXFileReference; lastKnownFileType = text.plist.xml; path = Info.plist; sourceTree = "<group>"; };
		830A30682354225400211E2C /* SwiftUITutorialsTests.xctest */ = {isa = PBXFileReference; explicitFileType = wrapper.cfbundle; includeInIndex = 0; path = SwiftUITutorialsTests.xctest; sourceTree = BUILT_PRODUCTS_DIR; };
		830A306C2354225400211E2C /* SwiftUITutorialsTests.swift */ = {isa = PBXFileReference; lastKnownFileType = sourcecode.swift; path = SwiftUITutorialsTests.swift; sourceTree = "<group>"; };
		830A306E2354225400211E2C /* Info.plist */ = {isa = PBXFileReference; lastKnownFileType = text.plist.xml; path = Info.plist; sourceTree = "<group>"; };
		830A30732354225400211E2C /* SwiftUITutorialsUITests.xctest */ = {isa = PBXFileReference; explicitFileType = wrapper.cfbundle; includeInIndex = 0; path = SwiftUITutorialsUITests.xctest; sourceTree = BUILT_PRODUCTS_DIR; };
		830A30772354225400211E2C /* SwiftUITutorialsUITests.swift */ = {isa = PBXFileReference; lastKnownFileType = sourcecode.swift; path = SwiftUITutorialsUITests.swift; sourceTree = "<group>"; };
		830A30792354225400211E2C /* Info.plist */ = {isa = PBXFileReference; lastKnownFileType = text.plist.xml; path = Info.plist; sourceTree = "<group>"; };
/* End PBXFileReference section */

/* Begin PBXFrameworksBuildPhase section */
		830A304F2354225300211E2C /* Frameworks */ = {
			isa = PBXFrameworksBuildPhase;
			buildActionMask = 2147483647;
			files = (
			);
			runOnlyForDeploymentPostprocessing = 0;
		};
		830A30652354225400211E2C /* Frameworks */ = {
			isa = PBXFrameworksBuildPhase;
			buildActionMask = 2147483647;
			files = (
			);
			runOnlyForDeploymentPostprocessing = 0;
		};
		830A30702354225400211E2C /* Frameworks */ = {
			isa = PBXFrameworksBuildPhase;
			buildActionMask = 2147483647;
			files = (
			);
			runOnlyForDeploymentPostprocessing = 0;
		};
/* End PBXFrameworksBuildPhase section */

/* Begin PBXGroup section */
		830A30492354225300211E2C = {
			isa = PBXGroup;
			children = (
				830A30542354225300211E2C /* SwiftUITutorials */,
				830A306B2354225400211E2C /* SwiftUITutorialsTests */,
				830A30762354225400211E2C /* SwiftUITutorialsUITests */,
				830A30532354225300211E2C /* Products */,
			);
			sourceTree = "<group>";
		};
		830A30532354225300211E2C /* Products */ = {
			isa = PBXGroup;
			children = (
				830A30522354225300211E2C /* SwiftUITutorials.app */,
				830A30682354225400211E2C /* SwiftUITutorialsTests.xctest */,
				830A30732354225400211E2C /* SwiftUITutorialsUITests.xctest */,
			);
			name = Products;
			sourceTree = "<group>";
		};
		830A30542354225300211E2C /* SwiftUITutorials */ = {
			isa = PBXGroup;
			children = (
				830A30552354225300211E2C /* AppDelegate.swift */,
				830A30572354225300211E2C /* SceneDelegate.swift */,
				830A30592354225300211E2C /* ContentView.swift */,
				830A305B2354225400211E2C /* Assets.xcassets */,
				830A30602354225400211E2C /* LaunchScreen.storyboard */,
				830A30632354225400211E2C /* Info.plist */,
				830A305D2354225400211E2C /* Preview Content */,
			);
			path = SwiftUITutorials;
			sourceTree = "<group>";
		};
		830A305D2354225400211E2C /* Preview Content */ = {
			isa = PBXGroup;
			children = (
				830A305E2354225400211E2C /* Preview Assets.xcassets */,
			);
			path = "Preview Content";
			sourceTree = "<group>";
		};
		830A306B2354225400211E2C /* SwiftUITutorialsTests */ = {
			isa = PBXGroup;
			children = (
				830A306C2354225400211E2C /* SwiftUITutorialsTests.swift */,
				830A306E2354225400211E2C /* Info.plist */,
			);
			path = SwiftUITutorialsTests;
			sourceTree = "<group>";
		};
		830A30762354225400211E2C /* SwiftUITutorialsUITests */ = {
			isa = PBXGroup;
			children = (
				830A30772354225400211E2C /* SwiftUITutorialsUITests.swift */,
				830A30792354225400211E2C /* Info.plist */,
			);
			path = SwiftUITutorialsUITests;
			sourceTree = "<group>";
		};
/* End PBXGroup section */

/* Begin PBXNativeTarget section */
		830A30512354225300211E2C /* SwiftUITutorials */ = {
			isa = PBXNativeTarget;
			buildConfigurationList = 830A307C2354225400211E2C /* Build configuration list for PBXNativeTarget "SwiftUITutorials" */;
			buildPhases = (
				830A304E2354225300211E2C /* Sources */,
				830A304F2354225300211E2C /* Frameworks */,
				830A30502354225300211E2C /* Resources */,
			);
			buildRules = (
			);
			dependencies = (
			);
			name = SwiftUITutorials;
			productName = SwiftUITutorials;
			productReference = 830A30522354225300211E2C /* SwiftUITutorials.app */;
			productType = "com.apple.product-type.application";
		};
		830A30672354225400211E2C /* SwiftUITutorialsTests */ = {
			isa = PBXNativeTarget;
			buildConfigurationList = 830A307F2354225400211E2C /* Build configuration list for PBXNativeTarget "SwiftUITutorialsTests" */;
			buildPhases = (
				830A30642354225400211E2C /* Sources */,
				830A30652354225400211E2C /* Frameworks */,
				830A30662354225400211E2C /* Resources */,
			);
			buildRules = (
			);
			dependencies = (
				830A306A2354225400211E2C /* PBXTargetDependency */,
			);
			name = SwiftUITutorialsTests;
			productName = SwiftUITutorialsTests;
			productReference = 830A30682354225400211E2C /* SwiftUITutorialsTests.xctest */;
			productType = "com.apple.product-type.bundle.unit-test";
		};
		830A30722354225400211E2C /* SwiftUITutorialsUITests */ = {
			isa = PBXNativeTarget;
			buildConfigurationList = 830A30822354225400211E2C /* Build configuration list for PBXNativeTarget "SwiftUITutorialsUITests" */;
			buildPhases = (
				830A306F2354225400211E2C /* Sources */,
				830A30702354225400211E2C /* Frameworks */,
				830A30712354225400211E2C /* Resources */,
			);
			buildRules = (
			);
			dependencies = (
				830A30752354225400211E2C /* PBXTargetDependency */,
			);
			name = SwiftUITutorialsUITests;
			productName = SwiftUITutorialsUITests;
			productReference = 830A30732354225400211E2C /* SwiftUITutorialsUITests.xctest */;
			productType = "com.apple.product-type.bundle.ui-testing";
		};
/* End PBXNativeTarget section */

/* Begin PBXProject section */
		830A304A2354225300211E2C /* Project object */ = {
			isa = PBXProject;
			attributes = {
				LastSwiftUpdateCheck = 1110;
				LastUpgradeCheck = 1110;
				ORGANIZATIONNAME = AniMAC;
				TargetAttributes = {
					830A30512354225300211E2C = {
						CreatedOnToolsVersion = 11.1;
					};
					830A30672354225400211E2C = {
						CreatedOnToolsVersion = 11.1;
						TestTargetID = 830A30512354225300211E2C;
					};
					830A30722354225400211E2C = {
						CreatedOnToolsVersion = 11.1;
						TestTargetID = 830A30512354225300211E2C;
					};
				};
			};
			buildConfigurationList = 830A304D2354225300211E2C /* Build configuration list for PBXProject "SwiftUITutorials" */;
			compatibilityVersion = "Xcode 9.3";
			developmentRegion = en;
			hasScannedForEncodings = 0;
			knownRegions = (
				en,
				Base,
			);
			mainGroup = 830A30492354225300211E2C;
			productRefGroup = 830A30532354225300211E2C /* Products */;
			projectDirPath = "";
			projectRoot = "";
			targets = (
				830A30512354225300211E2C /* SwiftUITutorials */,
				830A30672354225400211E2C /* SwiftUITutorialsTests */,
				830A30722354225400211E2C /* SwiftUITutorialsUITests */,
			);
		};
/* End PBXProject section */

/* Begin PBXResourcesBuildPhase section */
		830A30502354225300211E2C /* Resources */ = {
			isa = PBXResourcesBuildPhase;
			buildActionMask = 2147483647;
			files = (
				830A30622354225400211E2C /* LaunchScreen.storyboard in Resources */,
				830A305F2354225400211E2C /* Preview Assets.xcassets in Resources */,
				830A305C2354225400211E2C /* Assets.xcassets in Resources */,
			);
			runOnlyForDeploymentPostprocessing = 0;
		};
		830A30662354225400211E2C /* Resources */ = {
			isa = PBXResourcesBuildPhase;
			buildActionMask = 2147483647;
			files = (
			);
			runOnlyForDeploymentPostprocessing = 0;
		};
		830A30712354225400211E2C /* Resources */ = {
			isa = PBXResourcesBuildPhase;
			buildActionMask = 2147483647;
			files = (
			);
			runOnlyForDeploymentPostprocessing = 0;
		};
/* End PBXResourcesBuildPhase section */

/* Begin PBXSourcesBuildPhase section */
		830A304E2354225300211E2C /* Sources */ = {
			isa = PBXSourcesBuildPhase;
			buildActionMask = 2147483647;
			files = (
				830A30562354225300211E2C /* AppDelegate.swift in Sources */,
				830A30582354225300211E2C /* SceneDelegate.swift in Sources */,
				830A305A2354225300211E2C /* ContentView.swift in Sources */,
			);
			runOnlyForDeploymentPostprocessing = 0;
		};
		830A30642354225400211E2C /* Sources */ = {
			isa = PBXSourcesBuildPhase;
			buildActionMask = 2147483647;
			files = (
				830A306D2354225400211E2C /* SwiftUITutorialsTests.swift in Sources */,
			);
			runOnlyForDeploymentPostprocessing = 0;
		};
		830A306F2354225400211E2C /* Sources */ = {
			isa = PBXSourcesBuildPhase;
			buildActionMask = 2147483647;
			files = (
				830A30782354225400211E2C /* SwiftUITutorialsUITests.swift in Sources */,
			);
			runOnlyForDeploymentPostprocessing = 0;
		};
/* End PBXSourcesBuildPhase section */

/* Begin PBXTargetDependency section */
		830A306A2354225400211E2C /* PBXTargetDependency */ = {
			isa = PBXTargetDependency;
			target = 830A30512354225300211E2C /* SwiftUITutorials */;
			targetProxy = 830A30692354225400211E2C /* PBXContainerItemProxy */;
		};
		830A30752354225400211E2C /* PBXTargetDependency */ = {
			isa = PBXTargetDependency;
			target = 830A30512354225300211E2C /* SwiftUITutorials */;
			targetProxy = 830A30742354225400211E2C /* PBXContainerItemProxy */;
		};
/* End PBXTargetDependency section */

/* Begin PBXVariantGroup section */
		830A30602354225400211E2C /* LaunchScreen.storyboard */ = {
			isa = PBXVariantGroup;
			children = (
				830A30612354225400211E2C /* Base */,
			);
			name = LaunchScreen.storyboard;
			sourceTree = "<group>";
		};
/* End PBXVariantGroup section */

/* Begin XCBuildConfiguration section */
		830A307A2354225400211E2C /* Debug */ = {
			isa = XCBuildConfiguration;
			buildSettings = {
				ALWAYS_SEARCH_USER_PATHS = NO;
				CLANG_ANALYZER_NONNULL = YES;
				CLANG_ANALYZER_NUMBER_OBJECT_CONVERSION = YES_AGGRESSIVE;
				CLANG_CXX_LANGUAGE_STANDARD = "gnu++14";
				CLANG_CXX_LIBRARY = "libc++";
				CLANG_ENABLE_MODULES = YES;
				CLANG_ENABLE_OBJC_ARC = YES;
				CLANG_ENABLE_OBJC_WEAK = YES;
				CLANG_WARN_BLOCK_CAPTURE_AUTORELEASING = YES;
				CLANG_WARN_BOOL_CONVERSION = YES;
				CLANG_WARN_COMMA = YES;
				CLANG_WARN_CONSTANT_CONVERSION = YES;
				CLANG_WARN_DEPRECATED_OBJC_IMPLEMENTATIONS = YES;
				CLANG_WARN_DIRECT_OBJC_ISA_USAGE = YES_ERROR;
				CLANG_WARN_DOCUMENTATION_COMMENTS = YES;
				CLANG_WARN_EMPTY_BODY = YES;
				CLANG_WARN_ENUM_CONVERSION = YES;
				CLANG_WARN_INFINITE_RECURSION = YES;
				CLANG_WARN_INT_CONVERSION = YES;
				CLANG_WARN_NON_LITERAL_NULL_CONVERSION = YES;
				CLANG_WARN_OBJC_IMPLICIT_RETAIN_SELF = YES;
				CLANG_WARN_OBJC_LITERAL_CONVERSION = YES;
				CLANG_WARN_OBJC_ROOT_CLASS = YES_ERROR;
				CLANG_WARN_RANGE_LOOP_ANALYSIS = YES;
				CLANG_WARN_STRICT_PROTOTYPES = YES;
				CLANG_WARN_SUSPICIOUS_MOVE = YES;
				CLANG_WARN_UNGUARDED_AVAILABILITY = YES_AGGRESSIVE;
				CLANG_WARN_UNREACHABLE_CODE = YES;
				CLANG_WARN__DUPLICATE_METHOD_MATCH = YES;
				COPY_PHASE_STRIP = NO;
				DEBUG_INFORMATION_FORMAT = dwarf;
				ENABLE_STRICT_OBJC_MSGSEND = YES;
				ENABLE_TESTABILITY = YES;
				GCC_C_LANGUAGE_STANDARD = gnu11;
				GCC_DYNAMIC_NO_PIC = NO;
				GCC_NO_COMMON_BLOCKS = YES;
				GCC_OPTIMIZATION_LEVEL = 0;
				GCC_PREPROCESSOR_DEFINITIONS = (
					"DEBUG=1",
					"$(inherited)",
				);
				GCC_WARN_64_TO_32_BIT_CONVERSION = YES;
				GCC_WARN_ABOUT_RETURN_TYPE = YES_ERROR;
				GCC_WARN_UNDECLARED_SELECTOR = YES;
				GCC_WARN_UNINITIALIZED_AUTOS = YES_AGGRESSIVE;
				GCC_WARN_UNUSED_FUNCTION = YES;
				GCC_WARN_UNUSED_VARIABLE = YES;
				IPHONEOS_DEPLOYMENT_TARGET = 13.1;
				MTL_ENABLE_DEBUG_INFO = INCLUDE_SOURCE;
				MTL_FAST_MATH = YES;
				ONLY_ACTIVE_ARCH = YES;
				SDKROOT = iphoneos;
				SWIFT_ACTIVE_COMPILATION_CONDITIONS = DEBUG;
				SWIFT_OPTIMIZATION_LEVEL = "-Onone";
			};
			name = Debug;
		};
		830A307B2354225400211E2C /* Release */ = {
			isa = XCBuildConfiguration;
			buildSettings = {
				ALWAYS_SEARCH_USER_PATHS = NO;
				CLANG_ANALYZER_NONNULL = YES;
				CLANG_ANALYZER_NUMBER_OBJECT_CONVERSION = YES_AGGRESSIVE;
				CLANG_CXX_LANGUAGE_STANDARD = "gnu++14";
				CLANG_CXX_LIBRARY = "libc++";
				CLANG_ENABLE_MODULES = YES;
				CLANG_ENABLE_OBJC_ARC = YES;
				CLANG_ENABLE_OBJC_WEAK = YES;
				CLANG_WARN_BLOCK_CAPTURE_AUTORELEASING = YES;
				CLANG_WARN_BOOL_CONVERSION = YES;
				CLANG_WARN_COMMA = YES;
				CLANG_WARN_CONSTANT_CONVERSION = YES;
				CLANG_WARN_DEPRECATED_OBJC_IMPLEMENTATIONS = YES;
				CLANG_WARN_DIRECT_OBJC_ISA_USAGE = YES_ERROR;
				CLANG_WARN_DOCUMENTATION_COMMENTS = YES;
				CLANG_WARN_EMPTY_BODY = YES;
				CLANG_WARN_ENUM_CONVERSION = YES;
				CLANG_WARN_INFINITE_RECURSION = YES;
				CLANG_WARN_INT_CONVERSION = YES;
				CLANG_WARN_NON_LITERAL_NULL_CONVERSION = YES;
				CLANG_WARN_OBJC_IMPLICIT_RETAIN_SELF = YES;
				CLANG_WARN_OBJC_LITERAL_CONVERSION = YES;
				CLANG_WARN_OBJC_ROOT_CLASS = YES_ERROR;
				CLANG_WARN_RANGE_LOOP_ANALYSIS = YES;
				CLANG_WARN_STRICT_PROTOTYPES = YES;
				CLANG_WARN_SUSPICIOUS_MOVE = YES;
				CLANG_WARN_UNGUARDED_AVAILABILITY = YES_AGGRESSIVE;
				CLANG_WARN_UNREACHABLE_CODE = YES;
				CLANG_WARN__DUPLICATE_METHOD_MATCH = YES;
				COPY_PHASE_STRIP = NO;
				DEBUG_INFORMATION_FORMAT = "dwarf-with-dsym";
				ENABLE_NS_ASSERTIONS = NO;
				ENABLE_STRICT_OBJC_MSGSEND = YES;
				GCC_C_LANGUAGE_STANDARD = gnu11;
				GCC_NO_COMMON_BLOCKS = YES;
				GCC_WARN_64_TO_32_BIT_CONVERSION = YES;
				GCC_WARN_ABOUT_RETURN_TYPE = YES_ERROR;
				GCC_WARN_UNDECLARED_SELECTOR = YES;
				GCC_WARN_UNINITIALIZED_AUTOS = YES_AGGRESSIVE;
				GCC_WARN_UNUSED_FUNCTION = YES;
				GCC_WARN_UNUSED_VARIABLE = YES;
				IPHONEOS_DEPLOYMENT_TARGET = 13.1;
				MTL_ENABLE_DEBUG_INFO = NO;
				MTL_FAST_MATH = YES;
				SDKROOT = iphoneos;
				SWIFT_COMPILATION_MODE = wholemodule;
				SWIFT_OPTIMIZATION_LEVEL = "-O";
				VALIDATE_PRODUCT = YES;
			};
			name = Release;
		};
		830A307D2354225400211E2C /* Debug */ = {
			isa = XCBuildConfiguration;
			buildSettings = {
				ASSETCATALOG_COMPILER_APPICON_NAME = AppIcon;
				CODE_SIGN_STYLE = Automatic;
				DEVELOPMENT_ASSET_PATHS = "\"SwiftUITutorials/Preview Content\"";
				DEVELOPMENT_TEAM = SCEZ5R8HKX;
				ENABLE_PREVIEWS = YES;
				INFOPLIST_FILE = SwiftUITutorials/Info.plist;
				LD_RUNPATH_SEARCH_PATHS = (
					"$(inherited)",
					"@executable_path/Frameworks",
				);
				PRODUCT_BUNDLE_IDENTIFIER = com.anipen.SwiftUITutorials;
				PRODUCT_NAME = "$(TARGET_NAME)";
				SWIFT_VERSION = 5.0;
				TARGETED_DEVICE_FAMILY = "1,2";
			};
			name = Debug;
		};
		830A307E2354225400211E2C /* Release */ = {
			isa = XCBuildConfiguration;
			buildSettings = {
				ASSETCATALOG_COMPILER_APPICON_NAME = AppIcon;
				CODE_SIGN_STYLE = Automatic;
				DEVELOPMENT_ASSET_PATHS = "\"SwiftUITutorials/Preview Content\"";
				DEVELOPMENT_TEAM = SCEZ5R8HKX;
				ENABLE_PREVIEWS = YES;
				INFOPLIST_FILE = SwiftUITutorials/Info.plist;
				LD_RUNPATH_SEARCH_PATHS = (
					"$(inherited)",
					"@executable_path/Frameworks",
				);
				PRODUCT_BUNDLE_IDENTIFIER = com.anipen.SwiftUITutorials;
				PRODUCT_NAME = "$(TARGET_NAME)";
				SWIFT_VERSION = 5.0;
				TARGETED_DEVICE_FAMILY = "1,2";
			};
			name = Release;
		};
		830A30802354225400211E2C /* Debug */ = {
			isa = XCBuildConfiguration;
			buildSettings = {
				ALWAYS_EMBED_SWIFT_STANDARD_LIBRARIES = YES;
				BUNDLE_LOADER = "$(TEST_HOST)";
				CODE_SIGN_STYLE = Automatic;
				DEVELOPMENT_TEAM = SCEZ5R8HKX;
				INFOPLIST_FILE = SwiftUITutorialsTests/Info.plist;
				IPHONEOS_DEPLOYMENT_TARGET = 13.1;
				LD_RUNPATH_SEARCH_PATHS = (
					"$(inherited)",
					"@executable_path/Frameworks",
					"@loader_path/Frameworks",
				);
				PRODUCT_BUNDLE_IDENTIFIER = com.anipen.SwiftUITutorialsTests;
				PRODUCT_NAME = "$(TARGET_NAME)";
				SWIFT_VERSION = 5.0;
				TARGETED_DEVICE_FAMILY = "1,2";
				TEST_HOST = "$(BUILT_PRODUCTS_DIR)/SwiftUITutorials.app/SwiftUITutorials";
			};
			name = Debug;
		};
		830A30812354225400211E2C /* Release */ = {
			isa = XCBuildConfiguration;
			buildSettings = {
				ALWAYS_EMBED_SWIFT_STANDARD_LIBRARIES = YES;
				BUNDLE_LOADER = "$(TEST_HOST)";
				CODE_SIGN_STYLE = Automatic;
				DEVELOPMENT_TEAM = SCEZ5R8HKX;
				INFOPLIST_FILE = SwiftUITutorialsTests/Info.plist;
				IPHONEOS_DEPLOYMENT_TARGET = 13.1;
				LD_RUNPATH_SEARCH_PATHS = (
					"$(inherited)",
					"@executable_path/Frameworks",
					"@loader_path/Frameworks",
				);
				PRODUCT_BUNDLE_IDENTIFIER = com.anipen.SwiftUITutorialsTests;
				PRODUCT_NAME = "$(TARGET_NAME)";
				SWIFT_VERSION = 5.0;
				TARGETED_DEVICE_FAMILY = "1,2";
				TEST_HOST = "$(BUILT_PRODUCTS_DIR)/SwiftUITutorials.app/SwiftUITutorials";
			};
			name = Release;
		};
		830A30832354225400211E2C /* Debug */ = {
			isa = XCBuildConfiguration;
			buildSettings = {
				ALWAYS_EMBED_SWIFT_STANDARD_LIBRARIES = YES;
				CODE_SIGN_STYLE = Automatic;
				DEVELOPMENT_TEAM = SCEZ5R8HKX;
				INFOPLIST_FILE = SwiftUITutorialsUITests/Info.plist;
				LD_RUNPATH_SEARCH_PATHS = (
					"$(inherited)",
					"@executable_path/Frameworks",
					"@loader_path/Frameworks",
				);
				PRODUCT_BUNDLE_IDENTIFIER = com.anipen.SwiftUITutorialsUITests;
				PRODUCT_NAME = "$(TARGET_NAME)";
				SWIFT_VERSION = 5.0;
				TARGETED_DEVICE_FAMILY = "1,2";
				TEST_TARGET_NAME = SwiftUITutorials;
			};
			name = Debug;
		};
		830A30842354225400211E2C /* Release */ = {
			isa = XCBuildConfiguration;
			buildSettings = {
				ALWAYS_EMBED_SWIFT_STANDARD_LIBRARIES = YES;
				CODE_SIGN_STYLE = Automatic;
				DEVELOPMENT_TEAM = SCEZ5R8HKX;
				INFOPLIST_FILE = SwiftUITutorialsUITests/Info.plist;
				LD_RUNPATH_SEARCH_PATHS = (
					"$(inherited)",
					"@executable_path/Frameworks",
					"@loader_path/Frameworks",
				);
				PRODUCT_BUNDLE_IDENTIFIER = com.anipen.SwiftUITutorialsUITests;
				PRODUCT_NAME = "$(TARGET_NAME)";
				SWIFT_VERSION = 5.0;
				TARGETED_DEVICE_FAMILY = "1,2";
				TEST_TARGET_NAME = SwiftUITutorials;
			};
			name = Release;
		};
/* End XCBuildConfiguration section */

/* Begin XCConfigurationList section */
		830A304D2354225300211E2C /* Build configuration list for PBXProject "SwiftUITutorials" */ = {
			isa = XCConfigurationList;
			buildConfigurations = (
				830A307A2354225400211E2C /* Debug */,
				830A307B2354225400211E2C /* Release */,
			);
			defaultConfigurationIsVisible = 0;
			defaultConfigurationName = Release;
		};
		830A307C2354225400211E2C /* Build configuration list for PBXNativeTarget "SwiftUITutorials" */ = {
			isa = XCConfigurationList;
			buildConfigurations = (
				830A307D2354225400211E2C /* Debug */,
				830A307E2354225400211E2C /* Release */,
			);
			defaultConfigurationIsVisible = 0;
			defaultConfigurationName = Release;
		};
		830A307F2354225400211E2C /* Build configuration list for PBXNativeTarget "SwiftUITutorialsTests" */ = {
			isa = XCConfigurationList;
			buildConfigurations = (
				830A30802354225400211E2C /* Debug */,
				830A30812354225400211E2C /* Release */,
			);
			defaultConfigurationIsVisible = 0;
			defaultConfigurationName = Release;
		};
		830A30822354225400211E2C /* Build configuration list for PBXNativeTarget "SwiftUITutorialsUITests" */ = {
			isa = XCConfigurationList;
			buildConfigurations = (
				830A30832354225400211E2C /* Debug */,
				830A30842354225400211E2C /* Release */,
			);
			defaultConfigurationIsVisible = 0;
			defaultConfigurationName = Release;
		};
/* End XCConfigurationList section */
	};
	rootObject = 830A304A2354225300211E2C /* Project object */;
}
